{
  "name": "PhotographySite",
  "lockfileVersion": 2,
  "requires": true,
  "packages": {
    "": {
      "dependencies": {
        "jquery-ajax-unobtrusive": "^3.2.6",
        "photoviewer": "^3.6.6"
      }
    },
    "node_modules/domq.js": {
      "version": "0.6.7",
      "resolved": "https://registry.npmjs.org/domq.js/-/domq.js-0.6.7.tgz",
      "integrity": "sha512-WwRGORo/eYGf7v7YXZ3M6x/PEoxCsP3D0my7pnAVwtbfsKRvW6qioSdlLsy1MFzfwN1TM9oO9QJcvkE8ERYmlg=="
    },
    "node_modules/jquery": {
      "version": "3.6.3",
      "resolved": "https://registry.npmjs.org/jquery/-/jquery-3.6.3.tgz",
      "integrity": "sha512-bZ5Sy3YzKo9Fyc8wH2iIQK4JImJ6R0GWI9kL1/k7Z91ZBNgkRXE6U0JfHIizZbort8ZunhSI3jw9I6253ahKfg=="
    },
    "node_modules/jquery-ajax-unobtrusive": {
      "version": "3.2.6",
      "resolved": "https://registry.npmjs.org/jquery-ajax-unobtrusive/-/jquery-ajax-unobtrusive-3.2.6.tgz",
      "integrity": "sha512-95pv3c2Fo94qqzI3nBYFhcnwYlz673jutDa5yvADHv9KnWqQOoE8kZVV+nBASSBZF75XnGBl4EfPzOWFw2i9wQ==",
      "dependencies": {
        "jquery": ">=1.8"
      }
    },
    "node_modules/photoviewer": {
      "version": "3.6.6",
      "resolved": "https://registry.npmjs.org/photoviewer/-/photoviewer-3.6.6.tgz",
      "integrity": "sha512-TYuxoEdlVkIngVnoCEO+CWjeTO/F4TOPDv9ic4zbVU8ZXMiDggUzMj7jv50Kl0n1Yks72hleujPjAfGmkl7n9w==",
      "dependencies": {
        "domq.js": "^0.6.7"
      }
    }
  },
  "dependencies": {
    "domq.js": {
      "version": "0.6.7",
      "resolved": "https://registry.npmjs.org/domq.js/-/domq.js-0.6.7.tgz",
      "integrity": "sha512-WwRGORo/eYGf7v7YXZ3M6x/PEoxCsP3D0my7pnAVwtbfsKRvW6qioSdlLsy1MFzfwN1TM9oO9QJcvkE8ERYmlg=="
    },
    "jquery": {
      "version": "3.6.3",
      "resolved": "https://registry.npmjs.org/jquery/-/jquery-3.6.3.tgz",
      "integrity": "sha512-bZ5Sy3YzKo9Fyc8wH2iIQK4JImJ6R0GWI9kL1/k7Z91ZBNgkRXE6U0JfHIizZbort8ZunhSI3jw9I6253ahKfg=="
    },
    "jquery-ajax-unobtrusive": {
      "version": "3.2.6",
      "resolved": "https://registry.npmjs.org/jquery-ajax-unobtrusive/-/jquery-ajax-unobtrusive-3.2.6.tgz",
      "integrity": "sha512-95pv3c2Fo94qqzI3nBYFhcnwYlz673jutDa5yvADHv9KnWqQOoE8kZVV+nBASSBZF75XnGBl4EfPzOWFw2i9wQ==",
      "requires": {
        "jquery": ">=1.8"
      }
    },
    "photoviewer": {
      "version": "3.6.6",
      "resolved": "https://registry.npmjs.org/photoviewer/-/photoviewer-3.6.6.tgz",
      "integrity": "sha512-TYuxoEdlVkIngVnoCEO+CWjeTO/F4TOPDv9ic4zbVU8ZXMiDggUzMj7jv50Kl0n1Yks72hleujPjAfGmkl7n9w==",
      "requires": {
        "domq.js": "^0.6.7"
      }
    }
  }
}
