
Microsoft Visual Studio Solution File, Format Version 12.00
# Visual Studio Version 17
VisualStudioVersion = 17.4.33122.133
MinimumVisualStudioVersion = 10.0.40219.1
Project("{9A19103F-16F7-4668-BE54-9A1E7A4F7556}") = "PhotographySite", "PhotographySite\PhotographySite.csproj", "{14E70F0D-8BC2-4302-810B-3EBDBCFB4041}"
EndProject
Global
	GlobalSection(SolutionConfigurationPlatforms) = preSolution
		Debug|Any CPU = Debug|Any CPU
		Release|Any CPU = Release|Any CPU
	EndGlobalSection
	GlobalSection(ProjectConfigurationPlatforms) = postSolution
		{14E70F0D-8BC2-4302-810B-3EBDBCFB4041}.Debug|Any CPU.ActiveCfg = Debug|Any CPU
		{14E70F0D-8BC2-4302-810B-3EBDBCFB4041}.Debug|Any CPU.Build.0 = Debug|Any CPU
		{14E70F0D-8BC2-4302-810B-3EBDBCFB4041}.Release|Any CPU.ActiveCfg = Release|Any CPU
		{14E70F0D-8BC2-4302-810B-3EBDBCFB4041}.Release|Any CPU.Build.0 = Release|Any CPU
	EndGlobalSection
	GlobalSection(SolutionProperties) = preSolution
		HideSolutionNode = FALSE
	EndGlobalSection
	GlobalSection(ExtensibilityGlobals) = postSolution
		SolutionGuid = {2BA6CE83-68FF-4083-96F9-0B75CFA57E6F}
	EndGlobalSection
EndGlobal
